
Microsoft Visual Studio Solution File, Format Version 12.00
# Visual Studio Version 16
VisualStudioVersion = 16.0.31112.23
MinimumVisualStudioVersion = 10.0.40219.1
Project("{FAE04EC0-301F-11D3-BF4B-00C04F79EFBC}") = "PuedeFallar", "EjercicioC01PuedeFallar\PuedeFallar.csproj", "{1BD20B47-6492-49DE-822B-104CC141BE19}"
EndProject
Global
	GlobalSection(SolutionConfigurationPlatforms) = preSolution
		Debug|Any CPU = Debug|Any CPU
		Release|Any CPU = Release|Any CPU
	EndGlobalSection
	GlobalSection(ProjectConfigurationPlatforms) = postSolution
		{1BD20B47-6492-49DE-822B-104CC141BE19}.Debug|Any CPU.ActiveCfg = Debug|Any CPU
		{1BD20B47-6492-49DE-822B-104CC141BE19}.Debug|Any CPU.Build.0 = Debug|Any CPU
		{1BD20B47-6492-49DE-822B-104CC141BE19}.Release|Any CPU.ActiveCfg = Release|Any CPU
		{1BD20B47-6492-49DE-822B-104CC141BE19}.Release|Any CPU.Build.0 = Release|Any CPU
	EndGlobalSection
	GlobalSection(SolutionProperties) = preSolution
		HideSolutionNode = FALSE
	EndGlobalSection
	GlobalSection(ExtensibilityGlobals) = postSolution
		SolutionGuid = {BD7080DB-97DB-40D6-8B49-96BF2C647C7C}
	EndGlobalSection
EndGlobal
