
Microsoft Visual Studio Solution File, Format Version 12.00
# Visual Studio Version 16
VisualStudioVersion = 16.0.31112.23
MinimumVisualStudioVersion = 10.0.40219.1
Project("{FAE04EC0-301F-11D3-BF4B-00C04F79EFBC}") = "FrmPrincipal", "FrmPrincipal\FrmPrincipal.csproj", "{5085F03D-242B-4D07-BC4E-0C70287FAE22}"
EndProject
Project("{FAE04EC0-301F-11D3-BF4B-00C04F79EFBC}") = "AtrapameException", "Biblioteca\AtrapameException.csproj", "{1DAA9232-ABC5-4024-8942-637E409DA90C}"
EndProject
Global
	GlobalSection(SolutionConfigurationPlatforms) = preSolution
		Debug|Any CPU = Debug|Any CPU
		Release|Any CPU = Release|Any CPU
	EndGlobalSection
	GlobalSection(ProjectConfigurationPlatforms) = postSolution
		{5085F03D-242B-4D07-BC4E-0C70287FAE22}.Debug|Any CPU.ActiveCfg = Debug|Any CPU
		{5085F03D-242B-4D07-BC4E-0C70287FAE22}.Debug|Any CPU.Build.0 = Debug|Any CPU
		{5085F03D-242B-4D07-BC4E-0C70287FAE22}.Release|Any CPU.ActiveCfg = Release|Any CPU
		{5085F03D-242B-4D07-BC4E-0C70287FAE22}.Release|Any CPU.Build.0 = Release|Any CPU
		{1DAA9232-ABC5-4024-8942-637E409DA90C}.Debug|Any CPU.ActiveCfg = Debug|Any CPU
		{1DAA9232-ABC5-4024-8942-637E409DA90C}.Debug|Any CPU.Build.0 = Debug|Any CPU
		{1DAA9232-ABC5-4024-8942-637E409DA90C}.Release|Any CPU.ActiveCfg = Release|Any CPU
		{1DAA9232-ABC5-4024-8942-637E409DA90C}.Release|Any CPU.Build.0 = Release|Any CPU
	EndGlobalSection
	GlobalSection(SolutionProperties) = preSolution
		HideSolutionNode = FALSE
	EndGlobalSection
	GlobalSection(ExtensibilityGlobals) = postSolution
		SolutionGuid = {2EF16722-02AC-440F-BE26-8583B842A260}
	EndGlobalSection
EndGlobal
