
Microsoft Visual Studio Solution File, Format Version 12.00
# Visual Studio Version 16
VisualStudioVersion = 16.0.31112.23
MinimumVisualStudioVersion = 10.0.40219.1
Project("{FAE04EC0-301F-11D3-BF4B-00C04F79EFBC}") = "Biblioteca", "Biblioteca\Biblioteca.csproj", "{D1B7CD28-7D7D-440E-8054-0ABFF58F7CD5}"
EndProject
Project("{FAE04EC0-301F-11D3-BF4B-00C04F79EFBC}") = "ValidadorDeRangos", "ValidadorDeRangos\ValidadorDeRangos.csproj", "{B09B0DF2-828D-44A0-BBDF-E3A47449CABE}"
EndProject
Global
	GlobalSection(SolutionConfigurationPlatforms) = preSolution
		Debug|Any CPU = Debug|Any CPU
		Release|Any CPU = Release|Any CPU
	EndGlobalSection
	GlobalSection(ProjectConfigurationPlatforms) = postSolution
		{D1B7CD28-7D7D-440E-8054-0ABFF58F7CD5}.Debug|Any CPU.ActiveCfg = Debug|Any CPU
		{D1B7CD28-7D7D-440E-8054-0ABFF58F7CD5}.Debug|Any CPU.Build.0 = Debug|Any CPU
		{D1B7CD28-7D7D-440E-8054-0ABFF58F7CD5}.Release|Any CPU.ActiveCfg = Release|Any CPU
		{D1B7CD28-7D7D-440E-8054-0ABFF58F7CD5}.Release|Any CPU.Build.0 = Release|Any CPU
		{B09B0DF2-828D-44A0-BBDF-E3A47449CABE}.Debug|Any CPU.ActiveCfg = Debug|Any CPU
		{B09B0DF2-828D-44A0-BBDF-E3A47449CABE}.Debug|Any CPU.Build.0 = Debug|Any CPU
		{B09B0DF2-828D-44A0-BBDF-E3A47449CABE}.Release|Any CPU.ActiveCfg = Release|Any CPU
		{B09B0DF2-828D-44A0-BBDF-E3A47449CABE}.Release|Any CPU.Build.0 = Release|Any CPU
	EndGlobalSection
	GlobalSection(SolutionProperties) = preSolution
		HideSolutionNode = FALSE
	EndGlobalSection
	GlobalSection(ExtensibilityGlobals) = postSolution
		SolutionGuid = {1E0E40C5-0E8C-4356-9E87-3B8BE62B21A7}
	EndGlobalSection
EndGlobal
