
Microsoft Visual Studio Solution File, Format Version 12.00
# Visual Studio Version 16
VisualStudioVersion = 16.0.31112.23
MinimumVisualStudioVersion = 10.0.40219.1
Project("{FAE04EC0-301F-11D3-BF4B-00C04F79EFBC}") = "SiempreQuiseTenerUnNotepad", "SiempreQuiseTenerUnNotepad\SiempreQuiseTenerUnNotepad.csproj", "{470CAAB8-9AAB-4314-AD1A-7F5CEE3986EB}"
EndProject
Global
	GlobalSection(SolutionConfigurationPlatforms) = preSolution
		Debug|Any CPU = Debug|Any CPU
		Release|Any CPU = Release|Any CPU
	EndGlobalSection
	GlobalSection(ProjectConfigurationPlatforms) = postSolution
		{470CAAB8-9AAB-4314-AD1A-7F5CEE3986EB}.Debug|Any CPU.ActiveCfg = Debug|Any CPU
		{470CAAB8-9AAB-4314-AD1A-7F5CEE3986EB}.Debug|Any CPU.Build.0 = Debug|Any CPU
		{470CAAB8-9AAB-4314-AD1A-7F5CEE3986EB}.Release|Any CPU.ActiveCfg = Release|Any CPU
		{470CAAB8-9AAB-4314-AD1A-7F5CEE3986EB}.Release|Any CPU.Build.0 = Release|Any CPU
	EndGlobalSection
	GlobalSection(SolutionProperties) = preSolution
		HideSolutionNode = FALSE
	EndGlobalSection
	GlobalSection(ExtensibilityGlobals) = postSolution
		SolutionGuid = {4D72FB8E-217B-4D55-9943-5939A48FCA45}
	EndGlobalSection
EndGlobal
