
Microsoft Visual Studio Solution File, Format Version 12.00
# Visual Studio Version 16
VisualStudioVersion = 16.0.31112.23
MinimumVisualStudioVersion = 10.0.40219.1
Project("{FAE04EC0-301F-11D3-BF4B-00C04F79EFBC}") = "ErrorAlCubo", "ErrorAlCubo\ErrorAlCubo.csproj", "{A991F090-1584-494A-9FDB-EE23BE32938F}"
EndProject
Global
	GlobalSection(SolutionConfigurationPlatforms) = preSolution
		Debug|Any CPU = Debug|Any CPU
		Release|Any CPU = Release|Any CPU
	EndGlobalSection
	GlobalSection(ProjectConfigurationPlatforms) = postSolution
		{A991F090-1584-494A-9FDB-EE23BE32938F}.Debug|Any CPU.ActiveCfg = Debug|Any CPU
		{A991F090-1584-494A-9FDB-EE23BE32938F}.Debug|Any CPU.Build.0 = Debug|Any CPU
		{A991F090-1584-494A-9FDB-EE23BE32938F}.Release|Any CPU.ActiveCfg = Release|Any CPU
		{A991F090-1584-494A-9FDB-EE23BE32938F}.Release|Any CPU.Build.0 = Release|Any CPU
	EndGlobalSection
	GlobalSection(SolutionProperties) = preSolution
		HideSolutionNode = FALSE
	EndGlobalSection
	GlobalSection(ExtensibilityGlobals) = postSolution
		SolutionGuid = {D6949DF1-F723-4C01-8EBC-2F1BC449DCF2}
	EndGlobalSection
EndGlobal
