
Microsoft Visual Studio Solution File, Format Version 12.00
# Visual Studio Version 16
VisualStudioVersion = 16.0.31112.23
MinimumVisualStudioVersion = 10.0.40219.1
Project("{FAE04EC0-301F-11D3-BF4B-00C04F79EFBC}") = "WinFormsApp1", "WinFormsApp1\WinFormsApp1.csproj", "{AF20AF00-2FC6-41C0-BF47-0AF0D8FEDEDB}"
EndProject
Global
	GlobalSection(SolutionConfigurationPlatforms) = preSolution
		Debug|Any CPU = Debug|Any CPU
		Release|Any CPU = Release|Any CPU
	EndGlobalSection
	GlobalSection(ProjectConfigurationPlatforms) = postSolution
		{AF20AF00-2FC6-41C0-BF47-0AF0D8FEDEDB}.Debug|Any CPU.ActiveCfg = Debug|Any CPU
		{AF20AF00-2FC6-41C0-BF47-0AF0D8FEDEDB}.Debug|Any CPU.Build.0 = Debug|Any CPU
		{AF20AF00-2FC6-41C0-BF47-0AF0D8FEDEDB}.Release|Any CPU.ActiveCfg = Release|Any CPU
		{AF20AF00-2FC6-41C0-BF47-0AF0D8FEDEDB}.Release|Any CPU.Build.0 = Release|Any CPU
	EndGlobalSection
	GlobalSection(SolutionProperties) = preSolution
		HideSolutionNode = FALSE
	EndGlobalSection
	GlobalSection(ExtensibilityGlobals) = postSolution
		SolutionGuid = {FF2CC3F7-7C08-4302-B5E3-BD52B7B89640}
	EndGlobalSection
EndGlobal
