
Microsoft Visual Studio Solution File, Format Version 12.00
# Visual Studio Version 16
VisualStudioVersion = 16.0.31112.23
MinimumVisualStudioVersion = 10.0.40219.1
Project("{FAE04EC0-301F-11D3-BF4B-00C04F79EFBC}") = "Biblioteca", "Biblioteca\Biblioteca.csproj", "{5D6193E1-8764-4892-B361-8C7AC2216A0A}"
EndProject
Project("{FAE04EC0-301F-11D3-BF4B-00C04F79EFBC}") = "Sumando", "Sumando\Sumando.csproj", "{95DC7409-23A6-4B98-BAE8-133F08B16DA8}"
EndProject
Global
	GlobalSection(SolutionConfigurationPlatforms) = preSolution
		Debug|Any CPU = Debug|Any CPU
		Release|Any CPU = Release|Any CPU
	EndGlobalSection
	GlobalSection(ProjectConfigurationPlatforms) = postSolution
		{5D6193E1-8764-4892-B361-8C7AC2216A0A}.Debug|Any CPU.ActiveCfg = Debug|Any CPU
		{5D6193E1-8764-4892-B361-8C7AC2216A0A}.Debug|Any CPU.Build.0 = Debug|Any CPU
		{5D6193E1-8764-4892-B361-8C7AC2216A0A}.Release|Any CPU.ActiveCfg = Release|Any CPU
		{5D6193E1-8764-4892-B361-8C7AC2216A0A}.Release|Any CPU.Build.0 = Release|Any CPU
		{95DC7409-23A6-4B98-BAE8-133F08B16DA8}.Debug|Any CPU.ActiveCfg = Debug|Any CPU
		{95DC7409-23A6-4B98-BAE8-133F08B16DA8}.Debug|Any CPU.Build.0 = Debug|Any CPU
		{95DC7409-23A6-4B98-BAE8-133F08B16DA8}.Release|Any CPU.ActiveCfg = Release|Any CPU
		{95DC7409-23A6-4B98-BAE8-133F08B16DA8}.Release|Any CPU.Build.0 = Release|Any CPU
	EndGlobalSection
	GlobalSection(SolutionProperties) = preSolution
		HideSolutionNode = FALSE
	EndGlobalSection
	GlobalSection(ExtensibilityGlobals) = postSolution
		SolutionGuid = {4E0EF431-2D9A-48E5-BFC9-9F1E48BBB84E}
	EndGlobalSection
EndGlobal
